
Microsoft Visual Studio Solution File, Format Version 12.00
# Visual Studio Version 17
VisualStudioVersion = 17.3.32922.545
MinimumVisualStudioVersion = 10.0.40219.1
Project("{FAE04EC0-301F-11D3-BF4B-00C04F79EFBC}") = "001_Euclid", "001_Euclid\001_Euclid.csproj", "{EF33CE9C-9230-49C3-AB14-F0C4B7099D15}"
EndProject
Project("{FAE04EC0-301F-11D3-BF4B-00C04F79EFBC}") = "002_Factorial", "002_Factorial\002_Factorial.csproj", "{0DCAA769-9C75-4B56-8A8F-B42433F86F2A}"
EndProject
Project("{FAE04EC0-301F-11D3-BF4B-00C04F79EFBC}") = "003_Fibonacci", "003_Fibonacci\003_Fibonacci.csproj", "{000E7B23-9A01-4415-B7D1-C83809756B3D}"
EndProject
Project("{FAE04EC0-301F-11D3-BF4B-00C04F79EFBC}") = "004_SortWithGraph", "004_SortWithGraph\004_SortWithGraph.csproj", "{C9B20B92-863F-41A0-82BA-F75DE6588C56}"
EndProject
Project("{FAE04EC0-301F-11D3-BF4B-00C04F79EFBC}") = "005_ClosestPair", "005_ClosestPair\005_ClosestPair.csproj", "{7F35423F-05CA-48BC-B782-A154DFAE8C4D}"
EndProject
Project("{9A19103F-16F7-4668-BE54-9A1E7A4F7556}") = "006_Spanning", "006_Spanning\006_Spanning.csproj", "{AF4EB4A4-787E-4074-912C-1E520405409D}"
EndProject
Project("{FAE04EC0-301F-11D3-BF4B-00C04F79EFBC}") = "008_dijktra", "008_dijktra\008_dijktra.csproj", "{FCF7CDBC-5F6A-4818-B0CD-98C24C879343}"
EndProject
Project("{FAE04EC0-301F-11D3-BF4B-00C04F79EFBC}") = "009_Fibonacci", "009_Fibonacci\009_Fibonacci.csproj", "{DF09AD6B-61A1-4F6C-8357-0F90B1DEE82B}"
EndProject
Project("{FAE04EC0-301F-11D3-BF4B-00C04F79EFBC}") = "010_Tile", "010_Tile\010_Tile.csproj", "{2D56DA1F-9B40-4DD6-93A0-D87307630F79}"
EndProject
Project("{FAE04EC0-301F-11D3-BF4B-00C04F79EFBC}") = "011_FloydWarshall", "011_FloydWarshall\011_FloydWarshall.csproj", "{89ED6225-40CB-4D0B-9B9E-A49406A5D873}"
EndProject
Project("{FAE04EC0-301F-11D3-BF4B-00C04F79EFBC}") = "012_Floyd10", "012_Floyd10\012_Floyd10.csproj", "{109CB7A5-47F9-4DD4-8DEA-DD801AC1151F}"
EndProject
Project("{FAE04EC0-301F-11D3-BF4B-00C04F79EFBC}") = "013_chainedMartix", "013_chainedMartix\013_chainedMartix.csproj", "{0BEFFDEA-057D-425A-98EB-EA361CDCA75C}"
EndProject
Project("{FAE04EC0-301F-11D3-BF4B-00C04F79EFBC}") = "014_Sorting", "014_Sorting\014_Sorting.csproj", "{EE94E5E0-7BBD-4F2A-A4CB-F6BA85BD93BF}"
EndProject
Global
	GlobalSection(SolutionConfigurationPlatforms) = preSolution
		Debug|Any CPU = Debug|Any CPU
		Release|Any CPU = Release|Any CPU
	EndGlobalSection
	GlobalSection(ProjectConfigurationPlatforms) = postSolution
		{EF33CE9C-9230-49C3-AB14-F0C4B7099D15}.Debug|Any CPU.ActiveCfg = Debug|Any CPU
		{EF33CE9C-9230-49C3-AB14-F0C4B7099D15}.Debug|Any CPU.Build.0 = Debug|Any CPU
		{EF33CE9C-9230-49C3-AB14-F0C4B7099D15}.Release|Any CPU.ActiveCfg = Release|Any CPU
		{EF33CE9C-9230-49C3-AB14-F0C4B7099D15}.Release|Any CPU.Build.0 = Release|Any CPU
		{0DCAA769-9C75-4B56-8A8F-B42433F86F2A}.Debug|Any CPU.ActiveCfg = Debug|Any CPU
		{0DCAA769-9C75-4B56-8A8F-B42433F86F2A}.Debug|Any CPU.Build.0 = Debug|Any CPU
		{0DCAA769-9C75-4B56-8A8F-B42433F86F2A}.Release|Any CPU.ActiveCfg = Release|Any CPU
		{0DCAA769-9C75-4B56-8A8F-B42433F86F2A}.Release|Any CPU.Build.0 = Release|Any CPU
		{000E7B23-9A01-4415-B7D1-C83809756B3D}.Debug|Any CPU.ActiveCfg = Debug|Any CPU
		{000E7B23-9A01-4415-B7D1-C83809756B3D}.Debug|Any CPU.Build.0 = Debug|Any CPU
		{000E7B23-9A01-4415-B7D1-C83809756B3D}.Release|Any CPU.ActiveCfg = Release|Any CPU
		{000E7B23-9A01-4415-B7D1-C83809756B3D}.Release|Any CPU.Build.0 = Release|Any CPU
		{C9B20B92-863F-41A0-82BA-F75DE6588C56}.Debug|Any CPU.ActiveCfg = Debug|Any CPU
		{C9B20B92-863F-41A0-82BA-F75DE6588C56}.Debug|Any CPU.Build.0 = Debug|Any CPU
		{C9B20B92-863F-41A0-82BA-F75DE6588C56}.Release|Any CPU.ActiveCfg = Release|Any CPU
		{C9B20B92-863F-41A0-82BA-F75DE6588C56}.Release|Any CPU.Build.0 = Release|Any CPU
		{7F35423F-05CA-48BC-B782-A154DFAE8C4D}.Debug|Any CPU.ActiveCfg = Debug|Any CPU
		{7F35423F-05CA-48BC-B782-A154DFAE8C4D}.Debug|Any CPU.Build.0 = Debug|Any CPU
		{7F35423F-05CA-48BC-B782-A154DFAE8C4D}.Release|Any CPU.ActiveCfg = Release|Any CPU
		{7F35423F-05CA-48BC-B782-A154DFAE8C4D}.Release|Any CPU.Build.0 = Release|Any CPU
		{AF4EB4A4-787E-4074-912C-1E520405409D}.Debug|Any CPU.ActiveCfg = Debug|Any CPU
		{AF4EB4A4-787E-4074-912C-1E520405409D}.Debug|Any CPU.Build.0 = Debug|Any CPU
		{AF4EB4A4-787E-4074-912C-1E520405409D}.Release|Any CPU.ActiveCfg = Release|Any CPU
		{AF4EB4A4-787E-4074-912C-1E520405409D}.Release|Any CPU.Build.0 = Release|Any CPU
		{FCF7CDBC-5F6A-4818-B0CD-98C24C879343}.Debug|Any CPU.ActiveCfg = Debug|Any CPU
		{FCF7CDBC-5F6A-4818-B0CD-98C24C879343}.Debug|Any CPU.Build.0 = Debug|Any CPU
		{FCF7CDBC-5F6A-4818-B0CD-98C24C879343}.Release|Any CPU.ActiveCfg = Release|Any CPU
		{FCF7CDBC-5F6A-4818-B0CD-98C24C879343}.Release|Any CPU.Build.0 = Release|Any CPU
		{DF09AD6B-61A1-4F6C-8357-0F90B1DEE82B}.Debug|Any CPU.ActiveCfg = Debug|Any CPU
		{DF09AD6B-61A1-4F6C-8357-0F90B1DEE82B}.Debug|Any CPU.Build.0 = Debug|Any CPU
		{DF09AD6B-61A1-4F6C-8357-0F90B1DEE82B}.Release|Any CPU.ActiveCfg = Release|Any CPU
		{DF09AD6B-61A1-4F6C-8357-0F90B1DEE82B}.Release|Any CPU.Build.0 = Release|Any CPU
		{2D56DA1F-9B40-4DD6-93A0-D87307630F79}.Debug|Any CPU.ActiveCfg = Debug|Any CPU
		{2D56DA1F-9B40-4DD6-93A0-D87307630F79}.Debug|Any CPU.Build.0 = Debug|Any CPU
		{2D56DA1F-9B40-4DD6-93A0-D87307630F79}.Release|Any CPU.ActiveCfg = Release|Any CPU
		{2D56DA1F-9B40-4DD6-93A0-D87307630F79}.Release|Any CPU.Build.0 = Release|Any CPU
		{89ED6225-40CB-4D0B-9B9E-A49406A5D873}.Debug|Any CPU.ActiveCfg = Debug|Any CPU
		{89ED6225-40CB-4D0B-9B9E-A49406A5D873}.Debug|Any CPU.Build.0 = Debug|Any CPU
		{89ED6225-40CB-4D0B-9B9E-A49406A5D873}.Release|Any CPU.ActiveCfg = Release|Any CPU
		{89ED6225-40CB-4D0B-9B9E-A49406A5D873}.Release|Any CPU.Build.0 = Release|Any CPU
		{109CB7A5-47F9-4DD4-8DEA-DD801AC1151F}.Debug|Any CPU.ActiveCfg = Debug|Any CPU
		{109CB7A5-47F9-4DD4-8DEA-DD801AC1151F}.Debug|Any CPU.Build.0 = Debug|Any CPU
		{109CB7A5-47F9-4DD4-8DEA-DD801AC1151F}.Release|Any CPU.ActiveCfg = Release|Any CPU
		{109CB7A5-47F9-4DD4-8DEA-DD801AC1151F}.Release|Any CPU.Build.0 = Release|Any CPU
		{0BEFFDEA-057D-425A-98EB-EA361CDCA75C}.Debug|Any CPU.ActiveCfg = Debug|Any CPU
		{0BEFFDEA-057D-425A-98EB-EA361CDCA75C}.Debug|Any CPU.Build.0 = Debug|Any CPU
		{0BEFFDEA-057D-425A-98EB-EA361CDCA75C}.Release|Any CPU.ActiveCfg = Release|Any CPU
		{0BEFFDEA-057D-425A-98EB-EA361CDCA75C}.Release|Any CPU.Build.0 = Release|Any CPU
		{EE94E5E0-7BBD-4F2A-A4CB-F6BA85BD93BF}.Debug|Any CPU.ActiveCfg = Debug|Any CPU
		{EE94E5E0-7BBD-4F2A-A4CB-F6BA85BD93BF}.Debug|Any CPU.Build.0 = Debug|Any CPU
		{EE94E5E0-7BBD-4F2A-A4CB-F6BA85BD93BF}.Release|Any CPU.ActiveCfg = Release|Any CPU
		{EE94E5E0-7BBD-4F2A-A4CB-F6BA85BD93BF}.Release|Any CPU.Build.0 = Release|Any CPU
	EndGlobalSection
	GlobalSection(SolutionProperties) = preSolution
		HideSolutionNode = FALSE
	EndGlobalSection
	GlobalSection(ExtensibilityGlobals) = postSolution
		SolutionGuid = {46F91097-D808-4EA6-A62D-9AC41D092BDB}
	EndGlobalSection
EndGlobal
